PODS:
  - Alamofire (4.9.1)
  - Differentiator (4.0.1)
  - FMDB (2.7.5):
    - FMDB/standard (= 2.7.5)
  - FMDB/standard (2.7.5)
  - HandyJSON (5.0.4-beta)
  - Kingfisher (4.10.1)
  - LLCycleScrollView (1.5.4):
    - Kingfisher (<= 4.10.1)
  - MJRefresh (3.2.0)
  - ObjectMapper (4.2.0)
  - RxAlamofire (5.1.0):
    - RxAlamofire/Core (= 5.1.0)
  - RxAlamofire/Core (5.1.0):
    - Alamofire (~> 4.8)
    - RxSwift (~> 5.0)
  - RxCocoa (5.1.3):
    - RxRelay (~> 5)
    - RxSwift (~> 5)
  - RxDataSources (4.0.1):
    - Differentiator (~> 4.0)
    - RxCocoa (~> 5.0)
    - RxSwift (~> 5.0)
  - RxRelay (5.1.3):
    - RxSwift (~> 5)
  - RxSwift (5.1.3)
  - SDWebImage (5.2.2):
    - SDWebImage/Core (= 5.2.2)
  - SDWebImage/Core (5.2.2)
  - SnapKit (4.2.0)
  - SwiftyJSON (5.0.0)

DEPENDENCIES:
  - Alamofire
  - FMDB
  - HandyJSON (from `https://gitee.com/wyc520/HandyJSON.git`)
  - LLCycleScrollView
  - MJRefresh (from `https://gitee.com/wyc520/MJRefresh.git`, tag `3.2.0`)
  - ObjectMapper
  - RxAlamofire
  - RxDataSources
  - RxSwift
  - SDWebImage (from `https://gitee.com/wyc520/SDWebImage.git`, tag `5.2.2`)
  - SnapKit
  - SwiftyJSON

SPEC REPOS:
  https://mirrors.tuna.tsinghua.edu.cn/git/CocoaPods/Specs.git:
    - Alamofire
    - Differentiator
    - FMDB
    - Kingfisher
    - LLCycleScrollView
    - ObjectMapper
    - RxAlamofire
    - RxCocoa
    - RxDataSources
    - RxRelay
    - RxSwift
    - SnapKit
    - SwiftyJSON

EXTERNAL SOURCES:
  HandyJSON:
    :git: https://gitee.com/wyc520/HandyJSON.git
  MJRefresh:
    :git: https://gitee.com/wyc520/MJRefresh.git
    :tag: 3.2.0
  SDWebImage:
    :git: https://gitee.com/wyc520/SDWebImage.git
    :tag: 5.2.2

CHECKOUT OPTIONS:
  HandyJSON:
    :commit: f0b15db3bc0c51e935ea2385d6e33d412f04fffe
    :git: https://gitee.com/wyc520/HandyJSON.git
  MJRefresh:
    :git: https://gitee.com/wyc520/MJRefresh.git
    :tag: 3.2.0
  SDWebImage:
    :git: https://gitee.com/wyc520/SDWebImage.git
    :tag: 5.2.2

SPEC CHECKSUMS:
  Alamofire: 85e8a02c69d6020a0d734f6054870d7ecb75cf18
  Differentiator: 886080237d9f87f322641dedbc5be257061b0602
  FMDB: 2ce00b547f966261cd18927a3ddb07cb6f3db82a
  HandyJSON: a9c67202df97805a0ba4a00e30b50e9a30ac28f3
  Kingfisher: c148cd7b47ebde9989f6bc7c27dcaa79d81279a0
  LLCycleScrollView: 77f6e11980d1cd010ee9ee87e94da4e8026ccd21
  MJRefresh: ed450d6eb9d3346a2cb033ab7eb6de090aeef437
  ObjectMapper: 1eb41f610210777375fa806bf161dc39fb832b81
  RxAlamofire: a2d7621de4c23a0c6e7b476b504acc32838ee341
  RxCocoa: e2ed092d5432e4296aa818021d27de4090ac0354
  RxDataSources: efee07fa4de48477eca0a4611e6d11e2da9c1114
  RxRelay: 5a18c2eb2d68326ebaf0112f80d837ae41b92b97
  RxSwift: 915abbdfb62214aa89ccd0b194d44fb478019b27
  SDWebImage: 5fcdb02cc35e05fc35791ec514b191d27189f872
  SnapKit: fe8a619752f3f27075cc9a90244d75c6c3f27e2a
  SwiftyJSON: 36413e04c44ee145039d332b4f4e2d3e8d6c4db7

PODFILE CHECKSUM: 46a3204eb2bc7ff4a10a9512c75601894bd288ec

COCOAPODS: 1.10.1
