// !$*UTF8*$!
{
	archiveVersion = 1;
	classes = {
	};
	objectVersion = 50;
	objects = {

/* Begin PBXBuildFile section */
		560C451F216DC877001F0DE5 /* PPYLoginVC.swift in Sources */ = {isa = PBXBuildFile; fileRef = 560C451D216DC877001F0DE5 /* PPYLoginVC.swift */; };
		560C4520216DC877001F0DE5 /* PPYLoginVC.xib in Resources */ = {isa = PBXBuildFile; fileRef = 560C451E216DC877001F0DE5 /* PPYLoginVC.xib */; };
		560C4522216DF768001F0DE5 /* PPYGoodsModel.swift in Sources */ = {isa = PBXBuildFile; fileRef = 560C4521216DF768001F0DE5 /* PPYGoodsModel.swift */; };
		560C4524216DFC24001F0DE5 /* PPYAddCartCell.swift in Sources */ = {isa = PBXBuildFile; fileRef = 560C4523216DFC24001F0DE5 /* PPYAddCartCell.swift */; };
		560F9E05217EAEE300D1FB3A /* PPYbannerView.swift in Sources */ = {isa = PBXBuildFile; fileRef = 560F9E04217EAEE300D1FB3A /* PPYbannerView.swift */; };
		560F9E07217EB3E900D1FB3A /* Kingfisher.framework in Frameworks */ = {isa = PBXBuildFile; fileRef = 560F9E06217EB3E900D1FB3A /* Kingfisher.framework */; };
		560F9E09217EB3E900D1FB3A /* LLCycleScrollView.framework in Frameworks */ = {isa = PBXBuildFile; fileRef = 560F9E08217EB3E900D1FB3A /* LLCycleScrollView.framework */; };
		560F9E0B217EC7D800D1FB3A /* PPYChartView.swift in Sources */ = {isa = PBXBuildFile; fileRef = 560F9E0A217EC7D800D1FB3A /* PPYChartView.swift */; };
		560F9E0D217EC88F00D1FB3A /* PPYBarModel.swift in Sources */ = {isa = PBXBuildFile; fileRef = 560F9E0C217EC88F00D1FB3A /* PPYBarModel.swift */; };
		560F9E0F217EC92400D1FB3A /* CAGradientLayer+Extension.swift in Sources */ = {isa = PBXBuildFile; fileRef = 560F9E0E217EC92400D1FB3A /* CAGradientLayer+Extension.swift */; };
		560F9E11217EC97800D1FB3A /* PPYBarVC.swift in Sources */ = {isa = PBXBuildFile; fileRef = 560F9E10217EC97800D1FB3A /* PPYBarVC.swift */; };
		560F9E13217ECA4500D1FB3A /* zhuzhuang.json in Resources */ = {isa = PBXBuildFile; fileRef = 560F9E12217ECA4500D1FB3A /* zhuzhuang.json */; };
		56153E0C216C3BF50089394A /* PPYPublishVC.swift in Sources */ = {isa = PBXBuildFile; fileRef = 56153E0B216C3BF50089394A /* PPYPublishVC.swift */; };
		56153E0E216C41970089394A /* PPYVerticalSqureBtn.swift in Sources */ = {isa = PBXBuildFile; fileRef = 56153E0D216C41970089394A /* PPYVerticalSqureBtn.swift */; };
		56153E10216C46400089394A /* PPYPublishVC.xib in Resources */ = {isa = PBXBuildFile; fileRef = 56153E0F216C46400089394A /* PPYPublishVC.xib */; };
		56201440217431FC009054E0 /* PPYUtil.swift in Sources */ = {isa = PBXBuildFile; fileRef = 5620143F217431FC009054E0 /* PPYUtil.swift */; };
		5620144221746294009054E0 /* PPYDataBaseManager.swift in Sources */ = {isa = PBXBuildFile; fileRef = 5620144121746294009054E0 /* PPYDataBaseManager.swift */; };
		56201444217497C1009054E0 /* FMDB.framework in Frameworks */ = {isa = PBXBuildFile; fileRef = 56201443217497C1009054E0 /* FMDB.framework */; };
		5641190E215B245200E00CDB /* PPYHomeVC.swift in Sources */ = {isa = PBXBuildFile; fileRef = 5641190D215B245200E00CDB /* PPYHomeVC.swift */; };
		56411914215B246B00E00CDB /* PPYSearchVC.swift in Sources */ = {isa = PBXBuildFile; fileRef = 56411911215B246B00E00CDB /* PPYSearchVC.swift */; };
		5641191A215B247600E00CDB /* PPYShopCartVC.swift in Sources */ = {isa = PBXBuildFile; fileRef = 56411918215B247500E00CDB /* PPYShopCartVC.swift */; };
		56411920215B247F00E00CDB /* PPYMineVC.swift in Sources */ = {isa = PBXBuildFile; fileRef = 5641191C215B247F00E00CDB /* PPYMineVC.swift */; };
		56411929215B280200E00CDB /* PPYBaseViewController.swift in Sources */ = {isa = PBXBuildFile; fileRef = 56411922215B280100E00CDB /* PPYBaseViewController.swift */; };
		5641192A215B280200E00CDB /* PPYBaseTableViewController.swift in Sources */ = {isa = PBXBuildFile; fileRef = 56411923215B280100E00CDB /* PPYBaseTableViewController.swift */; };
		5641192B215B280200E00CDB /* PPYBaseNavigationController.swift in Sources */ = {isa = PBXBuildFile; fileRef = 56411924215B280100E00CDB /* PPYBaseNavigationController.swift */; };
		5641192C215B280200E00CDB /* PPYBaseTabBarController.swift in Sources */ = {isa = PBXBuildFile; fileRef = 56411925215B280100E00CDB /* PPYBaseTabBarController.swift */; };
		5641192E215B283A00E00CDB /* PPYBaseTableViewCell.swift in Sources */ = {isa = PBXBuildFile; fileRef = 5641192D215B283A00E00CDB /* PPYBaseTableViewCell.swift */; };
		56411930215B285700E00CDB /* PPYBaseView.swift in Sources */ = {isa = PBXBuildFile; fileRef = 5641192F215B285700E00CDB /* PPYBaseView.swift */; };
		56411932215B28B900E00CDB /* PPYHomeGoodsCell.swift in Sources */ = {isa = PBXBuildFile; fileRef = 56411931215B28B900E00CDB /* PPYHomeGoodsCell.swift */; };
		56411934215B742800E00CDB /* PPYBaseButton.swift in Sources */ = {isa = PBXBuildFile; fileRef = 56411933215B742800E00CDB /* PPYBaseButton.swift */; };
		56449077217ADE1200DFE52F /* PPYSaveInfoTool.swift in Sources */ = {isa = PBXBuildFile; fileRef = 56449076217ADE1200DFE52F /* PPYSaveInfoTool.swift */; };
		56458DB5217D5E71006C4910 /* PPYClosureVC.xib in Resources */ = {isa = PBXBuildFile; fileRef = 56458DB3217D5E71006C4910 /* PPYClosureVC.xib */; };
		56458DB6217D5E71006C4910 /* PPYClosureVC.swift in Sources */ = {isa = PBXBuildFile; fileRef = 56458DB4217D5E71006C4910 /* PPYClosureVC.swift */; };
		56458DB8217D735A006C4910 /* UIAlert+Extension.swift in Sources */ = {isa = PBXBuildFile; fileRef = 56458DB7217D735A006C4910 /* UIAlert+Extension.swift */; };
		56458DBA217D9BBA006C4910 /* PPYNewsModel.swift in Sources */ = {isa = PBXBuildFile; fileRef = 56458DB9217D9BBA006C4910 /* PPYNewsModel.swift */; };
		56458DBC217D9EC9006C4910 /* PPYNewsViewModel.swift in Sources */ = {isa = PBXBuildFile; fileRef = 56458DBB217D9EC9006C4910 /* PPYNewsViewModel.swift */; };
		56458DC1217DA458006C4910 /* PPYNewsTableCell.swift in Sources */ = {isa = PBXBuildFile; fileRef = 56458DBF217DA458006C4910 /* PPYNewsTableCell.swift */; };
		56458DC2217DA458006C4910 /* PPYNewsTableCell.xib in Resources */ = {isa = PBXBuildFile; fileRef = 56458DC0217DA458006C4910 /* PPYNewsTableCell.xib */; };
		56458DC4217DAA77006C4910 /* PPYNewsTableVC.swift in Sources */ = {isa = PBXBuildFile; fileRef = 56458DC3217DAA77006C4910 /* PPYNewsTableVC.swift */; };
		5646306A217075B50077F053 /* TimerButton.swift in Sources */ = {isa = PBXBuildFile; fileRef = 56463068217075B50077F053 /* TimerButton.swift */; };
		5646306B217075B50077F053 /* MainTabBar.swift in Sources */ = {isa = PBXBuildFile; fileRef = 56463069217075B50077F053 /* MainTabBar.swift */; };
		5646306D217084410077F053 /* NetworkTools.swift in Sources */ = {isa = PBXBuildFile; fileRef = 5646306C217084410077F053 /* NetworkTools.swift */; };
		5646796C215CD4DC00D534F1 /* PPYBaseCollectionVC.swift in Sources */ = {isa = PBXBuildFile; fileRef = 5646796B215CD4DC00D534F1 /* PPYBaseCollectionVC.swift */; };
		5646796E215CD88A00D534F1 /* PPYHomeCollectionVC.swift in Sources */ = {isa = PBXBuildFile; fileRef = 5646796D215CD88A00D534F1 /* PPYHomeCollectionVC.swift */; };
		56467970215CDFEC00D534F1 /* PPYBaseCollectionViewCell.swift in Sources */ = {isa = PBXBuildFile; fileRef = 5646796F215CDFEC00D534F1 /* PPYBaseCollectionViewCell.swift */; };
		56467972215CE09200D534F1 /* PPYHomeCollectionCell.swift in Sources */ = {isa = PBXBuildFile; fileRef = 56467971215CE09200D534F1 /* PPYHomeCollectionCell.swift */; };
		5653A2202171A4570075A999 /* String+GetSize.swift in Sources */ = {isa = PBXBuildFile; fileRef = 5653A21F2171A4570075A999 /* String+GetSize.swift */; };
		5653A2222171A4680075A999 /* UIImage+Color.swift in Sources */ = {isa = PBXBuildFile; fileRef = 5653A2212171A4680075A999 /* UIImage+Color.swift */; };
		5653A2242171E3760075A999 /* PPYConfirmOrderVC.swift in Sources */ = {isa = PBXBuildFile; fileRef = 5653A2232171E3760075A999 /* PPYConfirmOrderVC.swift */; };
		5653A2262171EAFE0075A999 /* PPYShopingCell.swift in Sources */ = {isa = PBXBuildFile; fileRef = 5653A2252171EAFE0075A999 /* PPYShopingCell.swift */; };
		5653A2282171ECA20075A999 /* PPYPriceLabel.swift in Sources */ = {isa = PBXBuildFile; fileRef = 5653A2272171ECA20075A999 /* PPYPriceLabel.swift */; };
		565C1B852159C78A00356718 /* AppDelegate.swift in Sources */ = {isa = PBXBuildFile; fileRef = 565C1B842159C78A00356718 /* AppDelegate.swift */; };
		565C1B872159C78A00356718 /* ViewController.swift in Sources */ = {isa = PBXBuildFile; fileRef = 565C1B862159C78A00356718 /* ViewController.swift */; };
		565C1B8A2159C78A00356718 /* Main.storyboard in Resources */ = {isa = PBXBuildFile; fileRef = 565C1B882159C78A00356718 /* Main.storyboard */; };
		565C1B8C2159C78C00356718 /* Assets.xcassets in Resources */ = {isa = PBXBuildFile; fileRef = 565C1B8B2159C78C00356718 /* Assets.xcassets */; };
		565C1B8F2159C78C00356718 /* LaunchScreen.storyboard in Resources */ = {isa = PBXBuildFile; fileRef = 565C1B8D2159C78C00356718 /* LaunchScreen.storyboard */; };
		565C1B9A2159C78C00356718 /* swiftProjectTests.swift in Sources */ = {isa = PBXBuildFile; fileRef = 565C1B992159C78C00356718 /* swiftProjectTests.swift */; };
		565C1BA52159C78C00356718 /* swiftProjectUITests.swift in Sources */ = {isa = PBXBuildFile; fileRef = 565C1BA42159C78C00356718 /* swiftProjectUITests.swift */; };
		5668C024215F558400531C72 /* PPYkeyWordsVC.swift in Sources */ = {isa = PBXBuildFile; fileRef = 5668C023215F558400531C72 /* PPYkeyWordsVC.swift */; };
		56871F6E215E05D00055B0E1 /* PPYHomeGoodsModel.swift in Sources */ = {isa = PBXBuildFile; fileRef = 56871F6D215E05D00055B0E1 /* PPYHomeGoodsModel.swift */; };
		56871F70215E21C50055B0E1 /* PPYBaseModel.swift in Sources */ = {isa = PBXBuildFile; fileRef = 56871F6F215E21C50055B0E1 /* PPYBaseModel.swift */; };
		56871F72215E21E20055B0E1 /* PPYBaseViewModel.swift in Sources */ = {isa = PBXBuildFile; fileRef = 56871F71215E21E20055B0E1 /* PPYBaseViewModel.swift */; };
		56BD8079215B9559009BE2DF /* PPYHomeChildVC.swift in Sources */ = {isa = PBXBuildFile; fileRef = 56BD8078215B9559009BE2DF /* PPYHomeChildVC.swift */; };
		56E332C6215DC68B00D69319 /* UIView+Extension.swift in Sources */ = {isa = PBXBuildFile; fileRef = 56E332BF215DC68B00D69319 /* UIView+Extension.swift */; };
		56E332C7215DC68B00D69319 /* PPYColor.swift in Sources */ = {isa = PBXBuildFile; fileRef = 56E332C0215DC68B00D69319 /* PPYColor.swift */; };
		56E332C8215DC68B00D69319 /* PPYPageContentView.swift in Sources */ = {isa = PBXBuildFile; fileRef = 56E332C2215DC68B00D69319 /* PPYPageContentView.swift */; };
		56E332C9215DC68B00D69319 /* PPYPageTitleViewConfig.swift in Sources */ = {isa = PBXBuildFile; fileRef = 56E332C3215DC68B00D69319 /* PPYPageTitleViewConfig.swift */; };
		56E332CA215DC68B00D69319 /* PPYPageTitleView.swift in Sources */ = {isa = PBXBuildFile; fileRef = 56E332C4215DC68B00D69319 /* PPYPageTitleView.swift */; };
		56E332CE215DC6CE00D69319 /* PPYCommon.swift in Sources */ = {isa = PBXBuildFile; fileRef = 56E332CD215DC6CE00D69319 /* PPYCommon.swift */; };
		56E332D2215DDDBB00D69319 /* PPYPeople.m in Sources */ = {isa = PBXBuildFile; fileRef = 56E332D1215DDDBB00D69319 /* PPYPeople.m */; };
		56EE7BA12178304000EE601E /* libsqlite3.tbd in Frameworks */ = {isa = PBXBuildFile; fileRef = 56EE7BA02178304000EE601E /* libsqlite3.tbd */; };
		842F406C2173836A008B220C /* Alamofire.framework in Frameworks */ = {isa = PBXBuildFile; fileRef = 842F406B2173836A008B220C /* Alamofire.framework */; };
		842F406E2173836A008B220C /* HandyJSON.framework in Frameworks */ = {isa = PBXBuildFile; fileRef = 842F406D2173836A008B220C /* HandyJSON.framework */; };
		842F40702173836A008B220C /* MJRefresh.framework in Frameworks */ = {isa = PBXBuildFile; fileRef = 842F406F2173836A008B220C /* MJRefresh.framework */; };
		842F40722173836A008B220C /* RxCocoa.framework in Frameworks */ = {isa = PBXBuildFile; fileRef = 842F40712173836A008B220C /* RxCocoa.framework */; };
		842F40742173836A008B220C /* RxSwift.framework in Frameworks */ = {isa = PBXBuildFile; fileRef = 842F40732173836A008B220C /* RxSwift.framework */; };
		842F40762173836A008B220C /* SDWebImage.framework in Frameworks */ = {isa = PBXBuildFile; fileRef = 842F40752173836A008B220C /* SDWebImage.framework */; };
		842F40782173836A008B220C /* SnapKit.framework in Frameworks */ = {isa = PBXBuildFile; fileRef = 842F40772173836A008B220C /* SnapKit.framework */; };
		842F407A2173836A008B220C /* SwiftyJSON.framework in Frameworks */ = {isa = PBXBuildFile; fileRef = 842F40792173836A008B220C /* SwiftyJSON.framework */; };
		BB838B2DBAA447952C857D20 /* Pods_swiftProject.framework in Frameworks */ = {isa = PBXBuildFile; fileRef = 3EF3C04C984FC5FE134D6469 /* Pods_swiftProject.framework */; };
/* End PBXBuildFile section */

/* Begin PBXContainerItemProxy section */
		565C1B962159C78C00356718 /* PBXContainerItemProxy */ = {
			isa = PBXContainerItemProxy;
			containerPortal = 565C1B792159C78A00356718 /* Project object */;
			proxyType = 1;
			remoteGlobalIDString = 565C1B802159C78A00356718;
			remoteInfo = swiftProject;
		};
		565C1BA12159C78C00356718 /* PBXContainerItemProxy */ = {
			isa = PBXContainerItemProxy;
			containerPortal = 565C1B792159C78A00356718 /* Project object */;
			proxyType = 1;
			remoteGlobalIDString = 565C1B802159C78A00356718;
			remoteInfo = swiftProject;
		};
/* End PBXContainerItemProxy section */

/* Begin PBXFileReference section */
		11EC59204A74AE94687D1781 /* Pods-swiftProject.debug.xcconfig */ = {isa = PBXFileReference; includeInIndex = 1; lastKnownFileType = text.xcconfig; name = "Pods-swiftProject.debug.xcconfig"; path = "Pods/Target Support Files/Pods-swiftProject/Pods-swiftProject.debug.xcconfig"; sourceTree = "<group>"; };
		3EF3C04C984FC5FE134D6469 /* Pods_swiftProject.framework */ = {isa = PBXFileReference; explicitFileType = wrapper.framework; includeInIndex = 0; path = Pods_swiftProject.framework; sourceTree = BUILT_PRODUCTS_DIR; };
		560C451D216DC877001F0DE5 /* PPYLoginVC.swift */ = {isa = PBXFileReference; fileEncoding = 4; lastKnownFileType = sourcecode.swift; path = PPYLoginVC.swift; sourceTree = "<group>"; };
		560C451E216DC877001F0DE5 /* PPYLoginVC.xib */ = {isa = PBXFileReference; fileEncoding = 4; lastKnownFileType = file.xib; path = PPYLoginVC.xib; sourceTree = "<group>"; };
		560C4521216DF768001F0DE5 /* PPYGoodsModel.swift */ = {isa = PBXFileReference; lastKnownFileType = sourcecode.swift; path = PPYGoodsModel.swift; sourceTree = "<group>"; };
		560C4523216DFC24001F0DE5 /* PPYAddCartCell.swift */ = {isa = PBXFileReference; lastKnownFileType = sourcecode.swift; path = PPYAddCartCell.swift; sourceTree = "<group>"; };
		560F9E04217EAEE300D1FB3A /* PPYbannerView.swift */ = {isa = PBXFileReference; lastKnownFileType = sourcecode.swift; path = PPYbannerView.swift; sourceTree = "<group>"; };
		560F9E06217EB3E900D1FB3A /* Kingfisher.framework */ = {isa = PBXFileReference; explicitFileType = wrapper.framework; path = Kingfisher.framework; sourceTree = BUILT_PRODUCTS_DIR; };
		560F9E08217EB3E900D1FB3A /* LLCycleScrollView.framework */ = {isa = PBXFileReference; explicitFileType = wrapper.framework; path = LLCycleScrollView.framework; sourceTree = BUILT_PRODUCTS_DIR; };
		560F9E0A217EC7D800D1FB3A /* PPYChartView.swift */ = {isa = PBXFileReference; lastKnownFileType = sourcecode.swift; path = PPYChartView.swift; sourceTree = "<group>"; };
		560F9E0C217EC88F00D1FB3A /* PPYBarModel.swift */ = {isa = PBXFileReference; lastKnownFileType = sourcecode.swift; path = PPYBarModel.swift; sourceTree = "<group>"; };
		560F9E0E217EC92400D1FB3A /* CAGradientLayer+Extension.swift */ = {isa = PBXFileReference; lastKnownFileType = sourcecode.swift; path = "CAGradientLayer+Extension.swift"; sourceTree = "<group>"; };
		560F9E10217EC97800D1FB3A /* PPYBarVC.swift */ = {isa = PBXFileReference; lastKnownFileType = sourcecode.swift; path = PPYBarVC.swift; sourceTree = "<group>"; };
		560F9E12217ECA4500D1FB3A /* zhuzhuang.json */ = {isa = PBXFileReference; fileEncoding = 4; lastKnownFileType = text.json; path = zhuzhuang.json; sourceTree = "<group>"; };
		56153E0B216C3BF50089394A /* PPYPublishVC.swift */ = {isa = PBXFileReference; lastKnownFileType = sourcecode.swift; path = PPYPublishVC.swift; sourceTree = "<group>"; };
		56153E0D216C41970089394A /* PPYVerticalSqureBtn.swift */ = {isa = PBXFileReference; lastKnownFileType = sourcecode.swift; path = PPYVerticalSqureBtn.swift; sourceTree = "<group>"; };
		56153E0F216C46400089394A /* PPYPublishVC.xib */ = {isa = PBXFileReference; lastKnownFileType = file.xib; path = PPYPublishVC.xib; sourceTree = "<group>"; };
		5620143F217431FC009054E0 /* PPYUtil.swift */ = {isa = PBXFileReference; lastKnownFileType = sourcecode.swift; path = PPYUtil.swift; sourceTree = "<group>"; };
		5620144121746294009054E0 /* PPYDataBaseManager.swift */ = {isa = PBXFileReference; lastKnownFileType = sourcecode.swift; path = PPYDataBaseManager.swift; sourceTree = "<group>"; };
		56201443217497C1009054E0 /* FMDB.framework */ = {isa = PBXFileReference; explicitFileType = wrapper.framework; path = FMDB.framework; sourceTree = BUILT_PRODUCTS_DIR; };
		5641190D215B245200E00CDB /* PPYHomeVC.swift */ = {isa = PBXFileReference; fileEncoding = 4; lastKnownFileType = sourcecode.swift; path = PPYHomeVC.swift; sourceTree = "<group>"; };
		56411911215B246B00E00CDB /* PPYSearchVC.swift */ = {isa = PBXFileReference; fileEncoding = 4; lastKnownFileType = sourcecode.swift; path = PPYSearchVC.swift; sourceTree = "<group>"; };
		56411918215B247500E00CDB /* PPYShopCartVC.swift */ = {isa = PBXFileReference; fileEncoding = 4; lastKnownFileType = sourcecode.swift; path = PPYShopCartVC.swift; sourceTree = "<group>"; };
		5641191C215B247F00E00CDB /* PPYMineVC.swift */ = {isa = PBXFileReference; fileEncoding = 4; lastKnownFileType = sourcecode.swift; path = PPYMineVC.swift; sourceTree = "<group>"; };
		56411922215B280100E00CDB /* PPYBaseViewController.swift */ = {isa = PBXFileReference; fileEncoding = 4; lastKnownFileType = sourcecode.swift; path = PPYBaseViewController.swift; sourceTree = "<group>"; };
		56411923215B280100E00CDB /* PPYBaseTableViewController.swift */ = {isa = PBXFileReference; fileEncoding = 4; lastKnownFileType = sourcecode.swift; path = PPYBaseTableViewController.swift; sourceTree = "<group>"; };
		56411924215B280100E00CDB /* PPYBaseNavigationController.swift */ = {isa = PBXFileReference; fileEncoding = 4; lastKnownFileType = sourcecode.swift; path = PPYBaseNavigationController.swift; sourceTree = "<group>"; };
		56411925215B280100E00CDB /* PPYBaseTabBarController.swift */ = {isa = PBXFileReference; fileEncoding = 4; lastKnownFileType = sourcecode.swift; path = PPYBaseTabBarController.swift; sourceTree = "<group>"; };
		5641192D215B283A00E00CDB /* PPYBaseTableViewCell.swift */ = {isa = PBXFileReference; lastKnownFileType = sourcecode.swift; path = PPYBaseTableViewCell.swift; sourceTree = "<group>"; };
		5641192F215B285700E00CDB /* PPYBaseView.swift */ = {isa = PBXFileReference; lastKnownFileType = sourcecode.swift; path = PPYBaseView.swift; sourceTree = "<group>"; };
		56411931215B28B900E00CDB /* PPYHomeGoodsCell.swift */ = {isa = PBXFileReference; lastKnownFileType = sourcecode.swift; path = PPYHomeGoodsCell.swift; sourceTree = "<group>"; };
		56411933215B742800E00CDB /* PPYBaseButton.swift */ = {isa = PBXFileReference; lastKnownFileType = sourcecode.swift; path = PPYBaseButton.swift; sourceTree = "<group>"; };
		56449076217ADE1200DFE52F /* PPYSaveInfoTool.swift */ = {isa = PBXFileReference; lastKnownFileType = sourcecode.swift; path = PPYSaveInfoTool.swift; sourceTree = "<group>"; };
		56458DB3217D5E71006C4910 /* PPYClosureVC.xib */ = {isa = PBXFileReference; fileEncoding = 4; lastKnownFileType = file.xib; path = PPYClosureVC.xib; sourceTree = "<group>"; };
		56458DB4217D5E71006C4910 /* PPYClosureVC.swift */ = {isa = PBXFileReference; fileEncoding = 4; lastKnownFileType = sourcecode.swift; path = PPYClosureVC.swift; sourceTree = "<group>"; };
		56458DB7217D735A006C4910 /* UIAlert+Extension.swift */ = {isa = PBXFileReference; lastKnownFileType = sourcecode.swift; path = "UIAlert+Extension.swift"; sourceTree = "<group>"; };
		56458DB9217D9BBA006C4910 /* PPYNewsModel.swift */ = {isa = PBXFileReference; lastKnownFileType = sourcecode.swift; path = PPYNewsModel.swift; sourceTree = "<group>"; };
		56458DBB217D9EC9006C4910 /* PPYNewsViewModel.swift */ = {isa = PBXFileReference; lastKnownFileType = sourcecode.swift; path = PPYNewsViewModel.swift; sourceTree = "<group>"; };
		56458DBF217DA458006C4910 /* PPYNewsTableCell.swift */ = {isa = PBXFileReference; lastKnownFileType = sourcecode.swift; path = PPYNewsTableCell.swift; sourceTree = "<group>"; };
		56458DC0217DA458006C4910 /* PPYNewsTableCell.xib */ = {isa = PBXFileReference; lastKnownFileType = file.xib; path = PPYNewsTableCell.xib; sourceTree = "<group>"; };
		56458DC3217DAA77006C4910 /* PPYNewsTableVC.swift */ = {isa = PBXFileReference; lastKnownFileType = sourcecode.swift; path = PPYNewsTableVC.swift; sourceTree = "<group>"; };
		56463068217075B50077F053 /* TimerButton.swift */ = {isa = PBXFileReference; fileEncoding = 4; lastKnownFileType = sourcecode.swift; path = TimerButton.swift; sourceTree = "<group>"; };
		56463069217075B50077F053 /* MainTabBar.swift */ = {isa = PBXFileReference; fileEncoding = 4; lastKnownFileType = sourcecode.swift; path = MainTabBar.swift; sourceTree = "<group>"; };
		5646306C217084410077F053 /* NetworkTools.swift */ = {isa = PBXFileReference; fileEncoding = 4; lastKnownFileType = sourcecode.swift; path = NetworkTools.swift; sourceTree = "<group>"; };
		5646796B215CD4DC00D534F1 /* PPYBaseCollectionVC.swift */ = {isa = PBXFileReference; lastKnownFileType = sourcecode.swift; path = PPYBaseCollectionVC.swift; sourceTree = "<group>"; };
		5646796D215CD88A00D534F1 /* PPYHomeCollectionVC.swift */ = {isa = PBXFileReference; lastKnownFileType = sourcecode.swift; path = PPYHomeCollectionVC.swift; sourceTree = "<group>"; };
		5646796F215CDFEC00D534F1 /* PPYBaseCollectionViewCell.swift */ = {isa = PBXFileReference; lastKnownFileType = sourcecode.swift; path = PPYBaseCollectionViewCell.swift; sourceTree = "<group>"; };
		56467971215CE09200D534F1 /* PPYHomeCollectionCell.swift */ = {isa = PBXFileReference; lastKnownFileType = sourcecode.swift; path = PPYHomeCollectionCell.swift; sourceTree = "<group>"; };
		5653A21F2171A4570075A999 /* String+GetSize.swift */ = {isa = PBXFileReference; fileEncoding = 4; lastKnownFileType = sourcecode.swift; path = "String+GetSize.swift"; sourceTree = "<group>"; };
		5653A2212171A4680075A999 /* UIImage+Color.swift */ = {isa = PBXFileReference; fileEncoding = 4; lastKnownFileType = sourcecode.swift; path = "UIImage+Color.swift"; sourceTree = "<group>"; };
		5653A2232171E3760075A999 /* PPYConfirmOrderVC.swift */ = {isa = PBXFileReference; lastKnownFileType = sourcecode.swift; path = PPYConfirmOrderVC.swift; sourceTree = "<group>"; };
		5653A2252171EAFE0075A999 /* PPYShopingCell.swift */ = {isa = PBXFileReference; lastKnownFileType = sourcecode.swift; path = PPYShopingCell.swift; sourceTree = "<group>"; };
		5653A2272171ECA20075A999 /* PPYPriceLabel.swift */ = {isa = PBXFileReference; lastKnownFileType = sourcecode.swift; path = PPYPriceLabel.swift; sourceTree = "<group>"; };
		565C1B812159C78A00356718 /* swiftProject.app */ = {isa = PBXFileReference; explicitFileType = wrapper.application; includeInIndex = 0; path = swiftProject.app; sourceTree = BUILT_PRODUCTS_DIR; };
		565C1B842159C78A00356718 /* AppDelegate.swift */ = {isa = PBXFileReference; lastKnownFileType = sourcecode.swift; path = AppDelegate.swift; sourceTree = "<group>"; };
		565C1B862159C78A00356718 /* ViewController.swift */ = {isa = PBXFileReference; lastKnownFileType = sourcecode.swift; path = ViewController.swift; sourceTree = "<group>"; };
		565C1B892159C78A00356718 /* Base */ = {isa = PBXFileReference; lastKnownFileType = file.storyboard; name = Base; path = Base.lproj/Main.storyboard; sourceTree = "<group>"; };
		565C1B8B2159C78C00356718 /* Assets.xcassets */ = {isa = PBXFileReference; lastKnownFileType = folder.assetcatalog; path = Assets.xcassets; sourceTree = "<group>"; };
		565C1B8E2159C78C00356718 /* Base */ = {isa = PBXFileReference; lastKnownFileType = file.storyboard; name = Base; path = Base.lproj/LaunchScreen.storyboard; sourceTree = "<group>"; };
		565C1B902159C78C00356718 /* Info.plist */ = {isa = PBXFileReference; lastKnownFileType = text.plist.xml; path = Info.plist; sourceTree = "<group>"; };
		565C1B952159C78C00356718 /* swiftProjectTests.xctest */ = {isa = PBXFileReference; explicitFileType = wrapper.cfbundle; includeInIndex = 0; path = swiftProjectTests.xctest; sourceTree = BUILT_PRODUCTS_DIR; };
		565C1B992159C78C00356718 /* swiftProjectTests.swift */ = {isa = PBXFileReference; lastKnownFileType = sourcecode.swift; path = swiftProjectTests.swift; sourceTree = "<group>"; };
		565C1B9B2159C78C00356718 /* Info.plist */ = {isa = PBXFileReference; lastKnownFileType = text.plist.xml; path = Info.plist; sourceTree = "<group>"; };
		565C1BA02159C78C00356718 /* swiftProjectUITests.xctest */ = {isa = PBXFileReference; explicitFileType = wrapper.cfbundle; includeInIndex = 0; path = swiftProjectUITests.xctest; sourceTree = BUILT_PRODUCTS_DIR; };
		565C1BA42159C78C00356718 /* swiftProjectUITests.swift */ = {isa = PBXFileReference; lastKnownFileType = sourcecode.swift; path = swiftProjectUITests.swift; sourceTree = "<group>"; };
		565C1BA62159C78D00356718 /* Info.plist */ = {isa = PBXFileReference; lastKnownFileType = text.plist.xml; path = Info.plist; sourceTree = "<group>"; };
		5668C023215F558400531C72 /* PPYkeyWordsVC.swift */ = {isa = PBXFileReference; lastKnownFileType = sourcecode.swift; path = PPYkeyWordsVC.swift; sourceTree = "<group>"; };
		56871F6D215E05D00055B0E1 /* PPYHomeGoodsModel.swift */ = {isa = PBXFileReference; lastKnownFileType = sourcecode.swift; path = PPYHomeGoodsModel.swift; sourceTree = "<group>"; };
		56871F6F215E21C50055B0E1 /* PPYBaseModel.swift */ = {isa = PBXFileReference; lastKnownFileType = sourcecode.swift; path = PPYBaseModel.swift; sourceTree = "<group>"; };
		56871F71215E21E20055B0E1 /* PPYBaseViewModel.swift */ = {isa = PBXFileReference; lastKnownFileType = sourcecode.swift; path = PPYBaseViewModel.swift; sourceTree = "<group>"; };
		56BD8078215B9559009BE2DF /* PPYHomeChildVC.swift */ = {isa = PBXFileReference; lastKnownFileType = sourcecode.swift; path = PPYHomeChildVC.swift; sourceTree = "<group>"; };
		56E332BF215DC68B00D69319 /* UIView+Extension.swift */ = {isa = PBXFileReference; fileEncoding = 4; lastKnownFileType = sourcecode.swift; path = "UIView+Extension.swift"; sourceTree = "<group>"; };
		56E332C0215DC68B00D69319 /* PPYColor.swift */ = {isa = PBXFileReference; fileEncoding = 4; lastKnownFileType = sourcecode.swift; path = PPYColor.swift; sourceTree = "<group>"; };
		56E332C2215DC68B00D69319 /* PPYPageContentView.swift */ = {isa = PBXFileReference; fileEncoding = 4; lastKnownFileType = sourcecode.swift; path = PPYPageContentView.swift; sourceTree = "<group>"; };
		56E332C3215DC68B00D69319 /* PPYPageTitleViewConfig.swift */ = {isa = PBXFileReference; fileEncoding = 4; lastKnownFileType = sourcecode.swift; path = PPYPageTitleViewConfig.swift; sourceTree = "<group>"; };
		56E332C4215DC68B00D69319 /* PPYPageTitleView.swift */ = {isa = PBXFileReference; fileEncoding = 4; lastKnownFileType = sourcecode.swift; path = PPYPageTitleView.swift; sourceTree = "<group>"; };
		56E332CD215DC6CE00D69319 /* PPYCommon.swift */ = {isa = PBXFileReference; fileEncoding = 4; lastKnownFileType = sourcecode.swift; path = PPYCommon.swift; sourceTree = "<group>"; };
		56E332CF215DDDBB00D69319 /* swiftProject-Bridging-Header.h */ = {isa = PBXFileReference; lastKnownFileType = sourcecode.c.h; path = "swiftProject-Bridging-Header.h"; sourceTree = "<group>"; };
		56E332D0215DDDBB00D69319 /* PPYPeople.h */ = {isa = PBXFileReference; lastKnownFileType = sourcecode.c.h; path = PPYPeople.h; sourceTree = "<group>"; };
		56E332D1215DDDBB00D69319 /* PPYPeople.m */ = {isa = PBXFileReference; lastKnownFileType = sourcecode.c.objc; path = PPYPeople.m; sourceTree = "<group>"; };
		56EE7BA02178304000EE601E /* libsqlite3.tbd */ = {isa = PBXFileReference; lastKnownFileType = "sourcecode.text-based-dylib-definition"; name = libsqlite3.tbd; path = usr/lib/libsqlite3.tbd; sourceTree = SDKROOT; };
		660794DA2660AC39D5C18F47 /* Pods-swiftProject.release.xcconfig */ = {isa = PBXFileReference; includeInIndex = 1; lastKnownFileType = text.xcconfig; name = "Pods-swiftProject.release.xcconfig"; path = "Pods/Target Support Files/Pods-swiftProject/Pods-swiftProject.release.xcconfig"; sourceTree = "<group>"; };
		842F406B2173836A008B220C /* Alamofire.framework */ = {isa = PBXFileReference; explicitFileType = wrapper.framework; path = Alamofire.framework; sourceTree = BUILT_PRODUCTS_DIR; };
		842F406D2173836A008B220C /* HandyJSON.framework */ = {isa = PBXFileReference; explicitFileType = wrapper.framework; path = HandyJSON.framework; sourceTree = BUILT_PRODUCTS_DIR; };
		842F406F2173836A008B220C /* MJRefresh.framework */ = {isa = PBXFileReference; explicitFileType = wrapper.framework; path = MJRefresh.framework; sourceTree = BUILT_PRODUCTS_DIR; };
		842F40712173836A008B220C /* RxCocoa.framework */ = {isa = PBXFileReference; explicitFileType = wrapper.framework; path = RxCocoa.framework; sourceTree = BUILT_PRODUCTS_DIR; };
		842F40732173836A008B220C /* RxSwift.framework */ = {isa = PBXFileReference; explicitFileType = wrapper.framework; path = RxSwift.framework; sourceTree = BUILT_PRODUCTS_DIR; };
		842F40752173836A008B220C /* SDWebImage.framework */ = {isa = PBXFileReference; explicitFileType = wrapper.framework; path = SDWebImage.framework; sourceTree = BUILT_PRODUCTS_DIR; };
		842F40772173836A008B220C /* SnapKit.framework */ = {isa = PBXFileReference; explicitFileType = wrapper.framework; path = SnapKit.framework; sourceTree = BUILT_PRODUCTS_DIR; };
		842F40792173836A008B220C /* SwiftyJSON.framework */ = {isa = PBXFileReference; explicitFileType = wrapper.framework; path = SwiftyJSON.framework; sourceTree = BUILT_PRODUCTS_DIR; };
/* End PBXFileReference section */

/* Begin PBXFrameworksBuildPhase section */
		565C1B7E2159C78A00356718 /* Frameworks */ = {
			isa = PBXFrameworksBuildPhase;
			buildActionMask = 2147483647;
			files = (
				560F9E07217EB3E900D1FB3A /* Kingfisher.framework in Frameworks */,
				560F9E09217EB3E900D1FB3A /* LLCycleScrollView.framework in Frameworks */,
				56EE7BA12178304000EE601E /* libsqlite3.tbd in Frameworks */,
				56201444217497C1009054E0 /* FMDB.framework in Frameworks */,
				842F406C2173836A008B220C /* Alamofire.framework in Frameworks */,
				842F406E2173836A008B220C /* HandyJSON.framework in Frameworks */,
				842F40702173836A008B220C /* MJRefresh.framework in Frameworks */,
				842F40722173836A008B220C /* RxCocoa.framework in Frameworks */,
				842F40742173836A008B220C /* RxSwift.framework in Frameworks */,
				842F40762173836A008B220C /* SDWebImage.framework in Frameworks */,
				842F40782173836A008B220C /* SnapKit.framework in Frameworks */,
				842F407A2173836A008B220C /* SwiftyJSON.framework in Frameworks */,
				BB838B2DBAA447952C857D20 /* Pods_swiftProject.framework in Frameworks */,
			);
			runOnlyForDeploymentPostprocessing = 0;
		};
		565C1B922159C78C00356718 /* Frameworks */ = {
			isa = PBXFrameworksBuildPhase;
			buildActionMask = 2147483647;
			files = (
			);
			runOnlyForDeploymentPostprocessing = 0;
		};
		565C1B9D2159C78C00356718 /* Frameworks */ = {
			isa = PBXFrameworksBuildPhase;
			buildActionMask = 2147483647;
			files = (
			);
			runOnlyForDeploymentPostprocessing = 0;
		};
/* End PBXFrameworksBuildPhase section */

/* Begin PBXGroup section */
		02C91346559C4B89BE226BE9 /* Frameworks */ = {
			isa = PBXGroup;
			children = (
				560F9E06217EB3E900D1FB3A /* Kingfisher.framework */,
				560F9E08217EB3E900D1FB3A /* LLCycleScrollView.framework */,
				56EE7BA02178304000EE601E /* libsqlite3.tbd */,
				56201443217497C1009054E0 /* FMDB.framework */,
				842F406B2173836A008B220C /* Alamofire.framework */,
				842F406D2173836A008B220C /* HandyJSON.framework */,
				842F406F2173836A008B220C /* MJRefresh.framework */,
				842F40712173836A008B220C /* RxCocoa.framework */,
				842F40732173836A008B220C /* RxSwift.framework */,
				842F40752173836A008B220C /* SDWebImage.framework */,
				842F40772173836A008B220C /* SnapKit.framework */,
				842F40792173836A008B220C /* SwiftyJSON.framework */,
				3EF3C04C984FC5FE134D6469 /* Pods_swiftProject.framework */,
			);
			name = Frameworks;
			sourceTree = "<group>";
		};
		56153E06216C3B910089394A /* Publish */ = {
			isa = PBXGroup;
			children = (
				56153E07216C3B910089394A /* ViewModel */,
				56153E08216C3B910089394A /* ViewControlller */,
				56153E09216C3B910089394A /* Model */,
				56153E0A216C3B910089394A /* View */,
			);
			name = Publish;
			path = swiftProject/class/Publish;
			sourceTree = SOURCE_ROOT;
		};
		56153E07216C3B910089394A /* ViewModel */ = {
			isa = PBXGroup;
			children = (
			);
			path = ViewModel;
			sourceTree = "<group>";
		};
		56153E08216C3B910089394A /* ViewControlller */ = {
			isa = PBXGroup;
			children = (
				56153E0B216C3BF50089394A /* PPYPublishVC.swift */,
				56153E0F216C46400089394A /* PPYPublishVC.xib */,
			);
			path = ViewControlller;
			sourceTree = "<group>";
		};
		56153E09216C3B910089394A /* Model */ = {
			isa = PBXGroup;
			children = (
			);
			path = Model;
			sourceTree = "<group>";
		};
		56153E0A216C3B910089394A /* View */ = {
			isa = PBXGroup;
			children = (
				56153E0D216C41970089394A /* PPYVerticalSqureBtn.swift */,
			);
			path = View;
			sourceTree = "<group>";
		};
		56411909215B245200E00CDB /* View */ = {
			isa = PBXGroup;
			children = (
				56411931215B28B900E00CDB /* PPYHomeGoodsCell.swift */,
				56467971215CE09200D534F1 /* PPYHomeCollectionCell.swift */,
				56458DBF217DA458006C4910 /* PPYNewsTableCell.swift */,
				56458DC0217DA458006C4910 /* PPYNewsTableCell.xib */,
				560F9E04217EAEE300D1FB3A /* PPYbannerView.swift */,
				560F9E0A217EC7D800D1FB3A /* PPYChartView.swift */,
			);
			path = View;
			sourceTree = "<group>";
		};
		5641190A215B245200E00CDB /* ViewModel */ = {
			isa = PBXGroup;
			children = (
				56458DBB217D9EC9006C4910 /* PPYNewsViewModel.swift */,
			);
			path = ViewModel;
			sourceTree = "<group>";
		};
		5641190B215B245200E00CDB /* Model */ = {
			isa = PBXGroup;
			children = (
				56E332D0215DDDBB00D69319 /* PPYPeople.h */,
				56E332D1215DDDBB00D69319 /* PPYPeople.m */,
				56E332CF215DDDBB00D69319 /* swiftProject-Bridging-Header.h */,
				56871F6D215E05D00055B0E1 /* PPYHomeGoodsModel.swift */,
				56458DB9217D9BBA006C4910 /* PPYNewsModel.swift */,
				560F9E0C217EC88F00D1FB3A /* PPYBarModel.swift */,
				560F9E12217ECA4500D1FB3A /* zhuzhuang.json */,
			);
			path = Model;
			sourceTree = "<group>";
		};
		5641190C215B245200E00CDB /* Controller */ = {
			isa = PBXGroup;
			children = (
				5641190D215B245200E00CDB /* PPYHomeVC.swift */,
				56BD8078215B9559009BE2DF /* PPYHomeChildVC.swift */,
				5646796D215CD88A00D534F1 /* PPYHomeCollectionVC.swift */,
				56458DC3217DAA77006C4910 /* PPYNewsTableVC.swift */,
				5668C023215F558400531C72 /* PPYkeyWordsVC.swift */,
				560F9E10217EC97800D1FB3A /* PPYBarVC.swift */,
				56458DB4217D5E71006C4910 /* PPYClosureVC.swift */,
				56458DB3217D5E71006C4910 /* PPYClosureVC.xib */,
			);
			path = Controller;
			sourceTree = "<group>";
		};
		5641190F215B246B00E00CDB /* Model */ = {
			isa = PBXGroup;
			children = (
			);
			path = Model;
			sourceTree = "<group>";
		};
		56411910215B246B00E00CDB /* Controller */ = {
			isa = PBXGroup;
			children = (
				56411911215B246B00E00CDB /* PPYSearchVC.swift */,
			);
			path = Controller;
			sourceTree = "<group>";
		};
		56411912215B246B00E00CDB /* ViewModel */ = {
			isa = PBXGroup;
			children = (
			);
			path = ViewModel;
			sourceTree = "<group>";
		};
		56411913215B246B00E00CDB /* View */ = {
			isa = PBXGroup;
			children = (
			);
			path = View;
			sourceTree = "<group>";
		};
		56411915215B247500E00CDB /* ViewModel */ = {
			isa = PBXGroup;
			children = (
			);
			path = ViewModel;
			sourceTree = "<group>";
		};
		56411916215B247500E00CDB /* View */ = {
			isa = PBXGroup;
			children = (
				560C4523216DFC24001F0DE5 /* PPYAddCartCell.swift */,
				5653A2252171EAFE0075A999 /* PPYShopingCell.swift */,
				5653A2272171ECA20075A999 /* PPYPriceLabel.swift */,
			);
			path = View;
			sourceTree = "<group>";
		};
		56411917215B247500E00CDB /* Controller */ = {
			isa = PBXGroup;
			children = (
				56411918215B247500E00CDB /* PPYShopCartVC.swift */,
				5653A2232171E3760075A999 /* PPYConfirmOrderVC.swift */,
			);
			path = Controller;
			sourceTree = "<group>";
		};
		56411919215B247500E00CDB /* Model */ = {
			isa = PBXGroup;
			children = (
				560C4521216DF768001F0DE5 /* PPYGoodsModel.swift */,
				5620144121746294009054E0 /* PPYDataBaseManager.swift */,
			);
			path = Model;
			sourceTree = "<group>";
		};
		5641191B215B247F00E00CDB /* Controller */ = {
			isa = PBXGroup;
			children = (
				5641191C215B247F00E00CDB /* PPYMineVC.swift */,
			);
			path = Controller;
			sourceTree = "<group>";
		};
		5641191D215B247F00E00CDB /* ViewModel */ = {
			isa = PBXGroup;
			children = (
			);
			path = ViewModel;
			sourceTree = "<group>";
		};
		5641191E215B247F00E00CDB /* Model */ = {
			isa = PBXGroup;
			children = (
			);
			path = Model;
			sourceTree = "<group>";
		};
		5641191F215B247F00E00CDB /* View */ = {
			isa = PBXGroup;
			children = (
			);
			path = View;
			sourceTree = "<group>";
		};
		56411921215B280100E00CDB /* Controller */ = {
			isa = PBXGroup;
			children = (
				56411922215B280100E00CDB /* PPYBaseViewController.swift */,
				56411923215B280100E00CDB /* PPYBaseTableViewController.swift */,
				5646796B215CD4DC00D534F1 /* PPYBaseCollectionVC.swift */,
				56411924215B280100E00CDB /* PPYBaseNavigationController.swift */,
				56411925215B280100E00CDB /* PPYBaseTabBarController.swift */,
			);
			path = Controller;
			sourceTree = "<group>";
		};
		56411926215B280200E00CDB /* ViewModel */ = {
			isa = PBXGroup;
			children = (
				56871F71215E21E20055B0E1 /* PPYBaseViewModel.swift */,
			);
			path = ViewModel;
			sourceTree = "<group>";
		};
		56411927215B280200E00CDB /* View */ = {
			isa = PBXGroup;
			children = (
				5641192D215B283A00E00CDB /* PPYBaseTableViewCell.swift */,
				5641192F215B285700E00CDB /* PPYBaseView.swift */,
				56411933215B742800E00CDB /* PPYBaseButton.swift */,
				5646796F215CDFEC00D534F1 /* PPYBaseCollectionViewCell.swift */,
			);
			path = View;
			sourceTree = "<group>";
		};
		56411928215B280200E00CDB /* Model */ = {
			isa = PBXGroup;
			children = (
				56871F6F215E21C50055B0E1 /* PPYBaseModel.swift */,
			);
			path = Model;
			sourceTree = "<group>";
		};
		56463067217075B50077F053 /* Tool */ = {
			isa = PBXGroup;
			children = (
				5646306C217084410077F053 /* NetworkTools.swift */,
				56463068217075B50077F053 /* TimerButton.swift */,
				56463069217075B50077F053 /* MainTabBar.swift */,
				5620143F217431FC009054E0 /* PPYUtil.swift */,
				56449076217ADE1200DFE52F /* PPYSaveInfoTool.swift */,
			);
			path = Tool;
			sourceTree = "<group>";
		};
		565C1B782159C78A00356718 = {
			isa = PBXGroup;
			children = (
				565C1B832159C78A00356718 /* swiftProject */,
				565C1B982159C78C00356718 /* swiftProjectTests */,
				565C1BA32159C78C00356718 /* swiftProjectUITests */,
				565C1B822159C78A00356718 /* Products */,
				9178F2BAA1652C6E41D251DC /* Pods */,
				02C91346559C4B89BE226BE9 /* Frameworks */,
			);
			sourceTree = "<group>";
		};
		565C1B822159C78A00356718 /* Products */ = {
			isa = PBXGroup;
			children = (
				565C1B812159C78A00356718 /* swiftProject.app */,
				565C1B952159C78C00356718 /* swiftProjectTests.xctest */,
				565C1BA02159C78C00356718 /* swiftProjectUITests.xctest */,
			);
			name = Products;
			sourceTree = "<group>";
		};
		565C1B832159C78A00356718 /* swiftProject */ = {
			isa = PBXGroup;
			children = (
				56CFDB74215A3C6E00E7EB02 /* class */,
				56CFDB6D215A309B00E7EB02 /* base */,
				565C1B842159C78A00356718 /* AppDelegate.swift */,
				565C1B862159C78A00356718 /* ViewController.swift */,
				565C1B882159C78A00356718 /* Main.storyboard */,
				565C1B8B2159C78C00356718 /* Assets.xcassets */,
				565C1B8D2159C78C00356718 /* LaunchScreen.storyboard */,
				565C1B902159C78C00356718 /* Info.plist */,
			);
			path = swiftProject;
			sourceTree = "<group>";
		};
		565C1B982159C78C00356718 /* swiftProjectTests */ = {
			isa = PBXGroup;
			children = (
				565C1B992159C78C00356718 /* swiftProjectTests.swift */,
				565C1B9B2159C78C00356718 /* Info.plist */,
			);
			path = swiftProjectTests;
			sourceTree = "<group>";
		};
		565C1BA32159C78C00356718 /* swiftProjectUITests */ = {
			isa = PBXGroup;
			children = (
				565C1BA42159C78C00356718 /* swiftProjectUITests.swift */,
				565C1BA62159C78D00356718 /* Info.plist */,
			);
			path = swiftProjectUITests;
			sourceTree = "<group>";
		};
		56871F73215E33B80055B0E1 /* loginOrRegister */ = {
			isa = PBXGroup;
			children = (
				56871F74215E33B80055B0E1 /* ViewModel */,
				56871F75215E33B80055B0E1 /* Controller */,
				56871F76215E33B80055B0E1 /* Model */,
				56871F77215E33B80055B0E1 /* View */,
			);
			name = loginOrRegister;
			path = swiftProject/class/loginOrRegister;
			sourceTree = SOURCE_ROOT;
		};
		56871F74215E33B80055B0E1 /* ViewModel */ = {
			isa = PBXGroup;
			children = (
			);
			path = ViewModel;
			sourceTree = "<group>";
		};
		56871F75215E33B80055B0E1 /* Controller */ = {
			isa = PBXGroup;
			children = (
				560C451D216DC877001F0DE5 /* PPYLoginVC.swift */,
				560C451E216DC877001F0DE5 /* PPYLoginVC.xib */,
			);
			path = Controller;
			sourceTree = "<group>";
		};
		56871F76215E33B80055B0E1 /* Model */ = {
			isa = PBXGroup;
			children = (
			);
			path = Model;
			sourceTree = "<group>";
		};
		56871F77215E33B80055B0E1 /* View */ = {
			isa = PBXGroup;
			children = (
			);
			path = View;
			sourceTree = "<group>";
		};
		56CFDB6D215A309B00E7EB02 /* base */ = {
			isa = PBXGroup;
			children = (
				56411921215B280100E00CDB /* Controller */,
				56411928215B280200E00CDB /* Model */,
				56411927215B280200E00CDB /* View */,
				56411926215B280200E00CDB /* ViewModel */,
			);
			path = base;
			sourceTree = "<group>";
		};
		56CFDB74215A3C6E00E7EB02 /* class */ = {
			isa = PBXGroup;
			children = (
				56CFDB81215A3F2700E7EB02 /* Tool */,
				56871F73215E33B80055B0E1 /* loginOrRegister */,
				56CFDB75215A3C6E00E7EB02 /* home */,
				56CFDB76215A3C6E00E7EB02 /* search */,
				56CFDB77215A3C6E00E7EB02 /* shopCart */,
				56153E06216C3B910089394A /* Publish */,
				56CFDB78215A3C6E00E7EB02 /* mine */,
			);
			name = class;
			path = swiftProject/class;
			sourceTree = SOURCE_ROOT;
		};
		56CFDB75215A3C6E00E7EB02 /* home */ = {
			isa = PBXGroup;
			children = (
				5641190C215B245200E00CDB /* Controller */,
				5641190B215B245200E00CDB /* Model */,
				56411909215B245200E00CDB /* View */,
				5641190A215B245200E00CDB /* ViewModel */,
			);
			path = home;
			sourceTree = "<group>";
		};
		56CFDB76215A3C6E00E7EB02 /* search */ = {
			isa = PBXGroup;
			children = (
				56411910215B246B00E00CDB /* Controller */,
				5641190F215B246B00E00CDB /* Model */,
				56411913215B246B00E00CDB /* View */,
				56411912215B246B00E00CDB /* ViewModel */,
			);
			path = search;
			sourceTree = "<group>";
		};
		56CFDB77215A3C6E00E7EB02 /* shopCart */ = {
			isa = PBXGroup;
			children = (
				56411917215B247500E00CDB /* Controller */,
				56411919215B247500E00CDB /* Model */,
				56411916215B247500E00CDB /* View */,
				56411915215B247500E00CDB /* ViewModel */,
			);
			path = shopCart;
			sourceTree = "<group>";
		};
		56CFDB78215A3C6E00E7EB02 /* mine */ = {
			isa = PBXGroup;
			children = (
				5641191B215B247F00E00CDB /* Controller */,
				5641191E215B247F00E00CDB /* Model */,
				5641191F215B247F00E00CDB /* View */,
				5641191D215B247F00E00CDB /* ViewModel */,
			);
			path = mine;
			sourceTree = "<group>";
		};
		56CFDB81215A3F2700E7EB02 /* Tool */ = {
			isa = PBXGroup;
			children = (
				56E332BC215DC68B00D69319 /* OCTool */,
				56E332BD215DC68B00D69319 /* SwiftTool */,
			);
			path = Tool;
			sourceTree = "<group>";
		};
		56E332BC215DC68B00D69319 /* OCTool */ = {
			isa = PBXGroup;
			children = (
			);
			path = OCTool;
			sourceTree = "<group>";
		};
		56E332BD215DC68B00D69319 /* SwiftTool */ = {
			isa = PBXGroup;
			children = (
				56463067217075B50077F053 /* Tool */,
				56E332BE215DC68B00D69319 /* Category */,
				56E332CC215DC6CE00D69319 /* Macro */,
				56E332C1215DC68B00D69319 /* switchTitle */,
			);
			path = SwiftTool;
			sourceTree = "<group>";
		};
		56E332BE215DC68B00D69319 /* Category */ = {
			isa = PBXGroup;
			children = (
				5653A21F2171A4570075A999 /* String+GetSize.swift */,
				5653A2212171A4680075A999 /* UIImage+Color.swift */,
				56E332BF215DC68B00D69319 /* UIView+Extension.swift */,
				56E332C0215DC68B00D69319 /* PPYColor.swift */,
				56458DB7217D735A006C4910 /* UIAlert+Extension.swift */,
				560F9E0E217EC92400D1FB3A /* CAGradientLayer+Extension.swift */,
			);
			path = Category;
			sourceTree = "<group>";
		};
		56E332C1215DC68B00D69319 /* switchTitle */ = {
			isa = PBXGroup;
			children = (
				56E332C2215DC68B00D69319 /* PPYPageContentView.swift */,
				56E332C3215DC68B00D69319 /* PPYPageTitleViewConfig.swift */,
				56E332C4215DC68B00D69319 /* PPYPageTitleView.swift */,
			);
			path = switchTitle;
			sourceTree = "<group>";
		};
		56E332CC215DC6CE00D69319 /* Macro */ = {
			isa = PBXGroup;
			children = (
				56E332CD215DC6CE00D69319 /* PPYCommon.swift */,
			);
			name = Macro;
			path = swiftProject/class/Tool/SwiftTool/Macro;
			sourceTree = SOURCE_ROOT;
		};
		9178F2BAA1652C6E41D251DC /* Pods */ = {
			isa = PBXGroup;
			children = (
				11EC59204A74AE94687D1781 /* Pods-swiftProject.debug.xcconfig */,
				660794DA2660AC39D5C18F47 /* Pods-swiftProject.release.xcconfig */,
			);
			name = Pods;
			sourceTree = "<group>";
		};
/* End PBXGroup section */

/* Begin PBXNativeTarget section */
		565C1B802159C78A00356718 /* swiftProject */ = {
			isa = PBXNativeTarget;
			buildConfigurationList = 565C1BA92159C78D00356718 /* Build configuration list for PBXNativeTarget "swiftProject" */;
			buildPhases = (
				9D17C14D4FD2CD3317B4CC8B /* [CP] Check Pods Manifest.lock */,
				565C1B7D2159C78A00356718 /* Sources */,
				565C1B7E2159C78A00356718 /* Frameworks */,
				565C1B7F2159C78A00356718 /* Resources */,
				7CBD05C286FE844EB7CE9179 /* [CP] Embed Pods Frameworks */,
			);
			buildRules = (
			);
			dependencies = (
			);
			name = swiftProject;
			productName = swiftProject;
			productReference = 565C1B812159C78A00356718 /* swiftProject.app */;
			productType = "com.apple.product-type.application";
		};
		565C1B942159C78C00356718 /* swiftProjectTests */ = {
			isa = PBXNativeTarget;
			buildConfigurationList = 565C1BAC2159C78D00356718 /* Build configuration list for PBXNativeTarget "swiftProjectTests" */;
			buildPhases = (
				565C1B912159C78C00356718 /* Sources */,
				565C1B922159C78C00356718 /* Frameworks */,
				565C1B932159C78C00356718 /* Resources */,
			);
			buildRules = (
			);
			dependencies = (
				565C1B972159C78C00356718 /* PBXTargetDependency */,
			);
			name = swiftProjectTests;
			productName = swiftProjectTests;
			productReference = 565C1B952159C78C00356718 /* swiftProjectTests.xctest */;
			productType = "com.apple.product-type.bundle.unit-test";
		};
		565C1B9F2159C78C00356718 /* swiftProjectUITests */ = {
			isa = PBXNativeTarget;
			buildConfigurationList = 565C1BAF2159C78D00356718 /* Build configuration list for PBXNativeTarget "swiftProjectUITests" */;
			buildPhases = (
				565C1B9C2159C78C00356718 /* Sources */,
				565C1B9D2159C78C00356718 /* Frameworks */,
				565C1B9E2159C78C00356718 /* Resources */,
			);
			buildRules = (
			);
			dependencies = (
				565C1BA22159C78C00356718 /* PBXTargetDependency */,
			);
			name = swiftProjectUITests;
			productName = swiftProjectUITests;
			productReference = 565C1BA02159C78C00356718 /* swiftProjectUITests.xctest */;
			productType = "com.apple.product-type.bundle.ui-testing";
		};
/* End PBXNativeTarget section */

/* Begin PBXProject section */
		565C1B792159C78A00356718 /* Project object */ = {
			isa = PBXProject;
			attributes = {
				LastSwiftUpdateCheck = 0930;
				LastUpgradeCheck = 0930;
				ORGANIZATIONNAME = "杭州拼便宜网络科技有限公司";
				TargetAttributes = {
					565C1B802159C78A00356718 = {
						CreatedOnToolsVersion = 9.3.1;
						LastSwiftMigration = 0930;
					};
					565C1B942159C78C00356718 = {
						CreatedOnToolsVersion = 9.3.1;
						TestTargetID = 565C1B802159C78A00356718;
					};
					565C1B9F2159C78C00356718 = {
						CreatedOnToolsVersion = 9.3.1;
						TestTargetID = 565C1B802159C78A00356718;
					};
				};
			};
			buildConfigurationList = 565C1B7C2159C78A00356718 /* Build configuration list for PBXProject "swiftProject" */;
			compatibilityVersion = "Xcode 9.3";
			developmentRegion = en;
			hasScannedForEncodings = 0;
			knownRegions = (
				en,
				Base,
			);
			mainGroup = 565C1B782159C78A00356718;
			productRefGroup = 565C1B822159C78A00356718 /* Products */;
			projectDirPath = "";
			projectRoot = "";
			targets = (
				565C1B802159C78A00356718 /* swiftProject */,
				565C1B942159C78C00356718 /* swiftProjectTests */,
				565C1B9F2159C78C00356718 /* swiftProjectUITests */,
			);
		};
/* End PBXProject section */

/* Begin PBXResourcesBuildPhase section */
		565C1B7F2159C78A00356718 /* Resources */ = {
			isa = PBXResourcesBuildPhase;
			buildActionMask = 2147483647;
			files = (
				56458DB5217D5E71006C4910 /* PPYClosureVC.xib in Resources */,
				565C1B8F2159C78C00356718 /* LaunchScreen.storyboard in Resources */,
				560F9E13217ECA4500D1FB3A /* zhuzhuang.json in Resources */,
				565C1B8C2159C78C00356718 /* Assets.xcassets in Resources */,
				56153E10216C46400089394A /* PPYPublishVC.xib in Resources */,
				56458DC2217DA458006C4910 /* PPYNewsTableCell.xib in Resources */,
				560C4520216DC877001F0DE5 /* PPYLoginVC.xib in Resources */,
				565C1B8A2159C78A00356718 /* Main.storyboard in Resources */,
			);
			runOnlyForDeploymentPostprocessing = 0;
		};
		565C1B932159C78C00356718 /* Resources */ = {
			isa = PBXResourcesBuildPhase;
			buildActionMask = 2147483647;
			files = (
			);
			runOnlyForDeploymentPostprocessing = 0;
		};
		565C1B9E2159C78C00356718 /* Resources */ = {
			isa = PBXResourcesBuildPhase;
			buildActionMask = 2147483647;
			files = (
			);
			runOnlyForDeploymentPostprocessing = 0;
		};
/* End PBXResourcesBuildPhase section */

/* Begin PBXShellScriptBuildPhase section */
		7CBD05C286FE844EB7CE9179 /* [CP] Embed Pods Frameworks */ = {
			isa = PBXShellScriptBuildPhase;
			buildActionMask = 2147483647;
			files = (
			);
			inputPaths = (
				"${SRCROOT}/Pods/Target Support Files/Pods-swiftProject/Pods-swiftProject-frameworks.sh",
				"${BUILT_PRODUCTS_DIR}/Alamofire/Alamofire.framework",
				"${BUILT_PRODUCTS_DIR}/FMDB/FMDB.framework",
				"${BUILT_PRODUCTS_DIR}/HandyJSON/HandyJSON.framework",
				"${BUILT_PRODUCTS_DIR}/Kingfisher/Kingfisher.framework",
				"${BUILT_PRODUCTS_DIR}/LLCycleScrollView/LLCycleScrollView.framework",
				"${BUILT_PRODUCTS_DIR}/MJRefresh/MJRefresh.framework",
				"${BUILT_PRODUCTS_DIR}/RxCocoa/RxCocoa.framework",
				"${BUILT_PRODUCTS_DIR}/RxSwift/RxSwift.framework",
				"${BUILT_PRODUCTS_DIR}/SDWebImage/SDWebImage.framework",
				"${BUILT_PRODUCTS_DIR}/SnapKit/SnapKit.framework",
				"${BUILT_PRODUCTS_DIR}/SwiftyJSON/SwiftyJSON.framework",
			);
			name = "[CP] Embed Pods Frameworks";
			outputPaths = (
				"${TARGET_BUILD_DIR}/${FRAMEWORKS_FOLDER_PATH}/Alamofire.framework",
				"${TARGET_BUILD_DIR}/${FRAMEWORKS_FOLDER_PATH}/FMDB.framework",
				"${TARGET_BUILD_DIR}/${FRAMEWORKS_FOLDER_PATH}/HandyJSON.framework",
				"${TARGET_BUILD_DIR}/${FRAMEWORKS_FOLDER_PATH}/Kingfisher.framework",
				"${TARGET_BUILD_DIR}/${FRAMEWORKS_FOLDER_PATH}/LLCycleScrollView.framework",
				"${TARGET_BUILD_DIR}/${FRAMEWORKS_FOLDER_PATH}/MJRefresh.framework",
				"${TARGET_BUILD_DIR}/${FRAMEWORKS_FOLDER_PATH}/RxCocoa.framework",
				"${TARGET_BUILD_DIR}/${FRAMEWORKS_FOLDER_PATH}/RxSwift.framework",
				"${TARGET_BUILD_DIR}/${FRAMEWORKS_FOLDER_PATH}/SDWebImage.framework",
				"${TARGET_BUILD_DIR}/${FRAMEWORKS_FOLDER_PATH}/SnapKit.framework",
				"${TARGET_BUILD_DIR}/${FRAMEWORKS_FOLDER_PATH}/SwiftyJSON.framework",
			);
			runOnlyForDeploymentPostprocessing = 0;
			shellPath = /bin/sh;
			shellScript = "\"${SRCROOT}/Pods/Target Support Files/Pods-swiftProject/Pods-swiftProject-frameworks.sh\"\n";
			showEnvVarsInLog = 0;
		};
		9D17C14D4FD2CD3317B4CC8B /* [CP] Check Pods Manifest.lock */ = {
			isa = PBXShellScriptBuildPhase;
			buildActionMask = 2147483647;
			files = (
			);
			inputPaths = (
				"${PODS_PODFILE_DIR_PATH}/Podfile.lock",
				"${PODS_ROOT}/Manifest.lock",
			);
			name = "[CP] Check Pods Manifest.lock";
			outputPaths = (
				"$(DERIVED_FILE_DIR)/Pods-swiftProject-checkManifestLockResult.txt",
			);
			runOnlyForDeploymentPostprocessing = 0;
			shellPath = /bin/sh;
			shellScript = "diff \"${PODS_PODFILE_DIR_PATH}/Podfile.lock\" \"${PODS_ROOT}/Manifest.lock\" > /dev/null\nif [ $? != 0 ] ; then\n    # print error to STDERR\n    echo \"error: The sandbox is not in sync with the Podfile.lock. Run 'pod install' or update your CocoaPods installation.\" >&2\n    exit 1\nfi\n# This output is used by Xcode 'outputs' to avoid re-running this script phase.\necho \"SUCCESS\" > \"${SCRIPT_OUTPUT_FILE_0}\"\n";
			showEnvVarsInLog = 0;
		};
/* End PBXShellScriptBuildPhase section */

/* Begin PBXSourcesBuildPhase section */
		565C1B7D2159C78A00356718 /* Sources */ = {
			isa = PBXSourcesBuildPhase;
			buildActionMask = 2147483647;
			files = (
				56458DB8217D735A006C4910 /* UIAlert+Extension.swift in Sources */,
				56E332C7215DC68B00D69319 /* PPYColor.swift in Sources */,
				5646796E215CD88A00D534F1 /* PPYHomeCollectionVC.swift in Sources */,
				5641192E215B283A00E00CDB /* PPYBaseTableViewCell.swift in Sources */,
				56411932215B28B900E00CDB /* PPYHomeGoodsCell.swift in Sources */,
				56E332CE215DC6CE00D69319 /* PPYCommon.swift in Sources */,
				56458DC4217DAA77006C4910 /* PPYNewsTableVC.swift in Sources */,
				56153E0E216C41970089394A /* PPYVerticalSqureBtn.swift in Sources */,
				56411914215B246B00E00CDB /* PPYSearchVC.swift in Sources */,
				560F9E0F217EC92400D1FB3A /* CAGradientLayer+Extension.swift in Sources */,
				560C4524216DFC24001F0DE5 /* PPYAddCartCell.swift in Sources */,
				56458DC1217DA458006C4910 /* PPYNewsTableCell.swift in Sources */,
				56BD8079215B9559009BE2DF /* PPYHomeChildVC.swift in Sources */,
				56458DB6217D5E71006C4910 /* PPYClosureVC.swift in Sources */,
				56467970215CDFEC00D534F1 /* PPYBaseCollectionViewCell.swift in Sources */,
				56E332D2215DDDBB00D69319 /* PPYPeople.m in Sources */,
				56201440217431FC009054E0 /* PPYUtil.swift in Sources */,
				56E332C8215DC68B00D69319 /* PPYPageContentView.swift in Sources */,
				56411920215B247F00E00CDB /* PPYMineVC.swift in Sources */,
				5641190E215B245200E00CDB /* PPYHomeVC.swift in Sources */,
				560C4522216DF768001F0DE5 /* PPYGoodsModel.swift in Sources */,
				5641191A215B247600E00CDB /* PPYShopCartVC.swift in Sources */,
				56467972215CE09200D534F1 /* PPYHomeCollectionCell.swift in Sources */,
				5653A2222171A4680075A999 /* UIImage+Color.swift in Sources */,
				56871F70215E21C50055B0E1 /* PPYBaseModel.swift in Sources */,
				56449077217ADE1200DFE52F /* PPYSaveInfoTool.swift in Sources */,
				56871F6E215E05D00055B0E1 /* PPYHomeGoodsModel.swift in Sources */,
				5646306B217075B50077F053 /* MainTabBar.swift in Sources */,
				560F9E0B217EC7D800D1FB3A /* PPYChartView.swift in Sources */,
				5668C024215F558400531C72 /* PPYkeyWordsVC.swift in Sources */,
				560F9E11217EC97800D1FB3A /* PPYBarVC.swift in Sources */,
				56871F72215E21E20055B0E1 /* PPYBaseViewModel.swift in Sources */,
				5646306A217075B50077F053 /* TimerButton.swift in Sources */,
				56E332CA215DC68B00D69319 /* PPYPageTitleView.swift in Sources */,
				560F9E05217EAEE300D1FB3A /* PPYbannerView.swift in Sources */,
				5646306D217084410077F053 /* NetworkTools.swift in Sources */,
				5641192B215B280200E00CDB /* PPYBaseNavigationController.swift in Sources */,
				560C451F216DC877001F0DE5 /* PPYLoginVC.swift in Sources */,
				560F9E0D217EC88F00D1FB3A /* PPYBarModel.swift in Sources */,
				5653A2282171ECA20075A999 /* PPYPriceLabel.swift in Sources */,
				56458DBC217D9EC9006C4910 /* PPYNewsViewModel.swift in Sources */,
				56411929215B280200E00CDB /* PPYBaseViewController.swift in Sources */,
				56153E0C216C3BF50089394A /* PPYPublishVC.swift in Sources */,
				5653A2242171E3760075A999 /* PPYConfirmOrderVC.swift in Sources */,
				5641192A215B280200E00CDB /* PPYBaseTableViewController.swift in Sources */,
				56E332C9215DC68B00D69319 /* PPYPageTitleViewConfig.swift in Sources */,
				5641192C215B280200E00CDB /* PPYBaseTabBarController.swift in Sources */,
				5653A2262171EAFE0075A999 /* PPYShopingCell.swift in Sources */,
				565C1B872159C78A00356718 /* ViewController.swift in Sources */,
				565C1B852159C78A00356718 /* AppDelegate.swift in Sources */,
				56411934215B742800E00CDB /* PPYBaseButton.swift in Sources */,
				56411930215B285700E00CDB /* PPYBaseView.swift in Sources */,
				5620144221746294009054E0 /* PPYDataBaseManager.swift in Sources */,
				5653A2202171A4570075A999 /* String+GetSize.swift in Sources */,
				56E332C6215DC68B00D69319 /* UIView+Extension.swift in Sources */,
				56458DBA217D9BBA006C4910 /* PPYNewsModel.swift in Sources */,
				5646796C215CD4DC00D534F1 /* PPYBaseCollectionVC.swift in Sources */,
			);
			runOnlyForDeploymentPostprocessing = 0;
		};
		565C1B912159C78C00356718 /* Sources */ = {
			isa = PBXSourcesBuildPhase;
			buildActionMask = 2147483647;
			files = (
				565C1B9A2159C78C00356718 /* swiftProjectTests.swift in Sources */,
			);
			runOnlyForDeploymentPostprocessing = 0;
		};
		565C1B9C2159C78C00356718 /* Sources */ = {
			isa = PBXSourcesBuildPhase;
			buildActionMask = 2147483647;
			files = (
				565C1BA52159C78C00356718 /* swiftProjectUITests.swift in Sources */,
			);
			runOnlyForDeploymentPostprocessing = 0;
		};
/* End PBXSourcesBuildPhase section */

/* Begin PBXTargetDependency section */
		565C1B972159C78C00356718 /* PBXTargetDependency */ = {
			isa = PBXTargetDependency;
			target = 565C1B802159C78A00356718 /* swiftProject */;
			targetProxy = 565C1B962159C78C00356718 /* PBXContainerItemProxy */;
		};
		565C1BA22159C78C00356718 /* PBXTargetDependency */ = {
			isa = PBXTargetDependency;
			target = 565C1B802159C78A00356718 /* swiftProject */;
			targetProxy = 565C1BA12159C78C00356718 /* PBXContainerItemProxy */;
		};
/* End PBXTargetDependency section */

/* Begin PBXVariantGroup section */
		565C1B882159C78A00356718 /* Main.storyboard */ = {
			isa = PBXVariantGroup;
			children = (
				565C1B892159C78A00356718 /* Base */,
			);
			name = Main.storyboard;
			sourceTree = "<group>";
		};
		565C1B8D2159C78C00356718 /* LaunchScreen.storyboard */ = {
			isa = PBXVariantGroup;
			children = (
				565C1B8E2159C78C00356718 /* Base */,
			);
			name = LaunchScreen.storyboard;
			sourceTree = "<group>";
		};
/* End PBXVariantGroup section */

/* Begin XCBuildConfiguration section */
		565C1BA72159C78D00356718 /* Debug */ = {
			isa = XCBuildConfiguration;
			buildSettings = {
				ALWAYS_SEARCH_USER_PATHS = NO;
				CLANG_ANALYZER_NONNULL = YES;
				CLANG_ANALYZER_NUMBER_OBJECT_CONVERSION = YES_AGGRESSIVE;
				CLANG_CXX_LANGUAGE_STANDARD = "gnu++14";
				CLANG_CXX_LIBRARY = "libc++";
				CLANG_ENABLE_MODULES = YES;
				CLANG_ENABLE_OBJC_ARC = YES;
				CLANG_ENABLE_OBJC_WEAK = YES;
				CLANG_WARN_BLOCK_CAPTURE_AUTORELEASING = YES;
				CLANG_WARN_BOOL_CONVERSION = YES;
				CLANG_WARN_COMMA = YES;
				CLANG_WARN_CONSTANT_CONVERSION = YES;
				CLANG_WARN_DEPRECATED_OBJC_IMPLEMENTATIONS = YES;
				CLANG_WARN_DIRECT_OBJC_ISA_USAGE = YES_ERROR;
				CLANG_WARN_DOCUMENTATION_COMMENTS = YES;
				CLANG_WARN_EMPTY_BODY = YES;
				CLANG_WARN_ENUM_CONVERSION = YES;
				CLANG_WARN_INFINITE_RECURSION = YES;
				CLANG_WARN_INT_CONVERSION = YES;
				CLANG_WARN_NON_LITERAL_NULL_CONVERSION = YES;
				CLANG_WARN_OBJC_IMPLICIT_RETAIN_SELF = YES;
				CLANG_WARN_OBJC_LITERAL_CONVERSION = YES;
				CLANG_WARN_OBJC_ROOT_CLASS = YES_ERROR;
				CLANG_WARN_RANGE_LOOP_ANALYSIS = YES;
				CLANG_WARN_STRICT_PROTOTYPES = YES;
				CLANG_WARN_SUSPICIOUS_MOVE = YES;
				CLANG_WARN_UNGUARDED_AVAILABILITY = YES_AGGRESSIVE;
				CLANG_WARN_UNREACHABLE_CODE = YES;
				CLANG_WARN__DUPLICATE_METHOD_MATCH = YES;
				CODE_SIGN_IDENTITY = "iPhone Developer";
				COPY_PHASE_STRIP = NO;
				DEBUG_INFORMATION_FORMAT = dwarf;
				ENABLE_STRICT_OBJC_MSGSEND = YES;
				ENABLE_TESTABILITY = YES;
				GCC_C_LANGUAGE_STANDARD = gnu11;
				GCC_DYNAMIC_NO_PIC = NO;
				GCC_NO_COMMON_BLOCKS = YES;
				GCC_OPTIMIZATION_LEVEL = 0;
				GCC_PREPROCESSOR_DEFINITIONS = (
					"DEBUG=1",
					"$(inherited)",
				);
				GCC_WARN_64_TO_32_BIT_CONVERSION = YES;
				GCC_WARN_ABOUT_RETURN_TYPE = YES_ERROR;
				GCC_WARN_UNDECLARED_SELECTOR = YES;
				GCC_WARN_UNINITIALIZED_AUTOS = YES_AGGRESSIVE;
				GCC_WARN_UNUSED_FUNCTION = YES;
				GCC_WARN_UNUSED_VARIABLE = YES;
				IPHONEOS_DEPLOYMENT_TARGET = 11.3;
				MTL_ENABLE_DEBUG_INFO = YES;
				ONLY_ACTIVE_ARCH = YES;
				SDKROOT = iphoneos;
				SWIFT_ACTIVE_COMPILATION_CONDITIONS = DEBUG;
				SWIFT_OPTIMIZATION_LEVEL = "-Onone";
			};
			name = Debug;
		};
		565C1BA82159C78D00356718 /* Release */ = {
			isa = XCBuildConfiguration;
			buildSettings = {
				ALWAYS_SEARCH_USER_PATHS = NO;
				CLANG_ANALYZER_NONNULL = YES;
				CLANG_ANALYZER_NUMBER_OBJECT_CONVERSION = YES_AGGRESSIVE;
				CLANG_CXX_LANGUAGE_STANDARD = "gnu++14";
				CLANG_CXX_LIBRARY = "libc++";
				CLANG_ENABLE_MODULES = YES;
				CLANG_ENABLE_OBJC_ARC = YES;
				CLANG_ENABLE_OBJC_WEAK = YES;
				CLANG_WARN_BLOCK_CAPTURE_AUTORELEASING = YES;
				CLANG_WARN_BOOL_CONVERSION = YES;
				CLANG_WARN_COMMA = YES;
				CLANG_WARN_CONSTANT_CONVERSION = YES;
				CLANG_WARN_DEPRECATED_OBJC_IMPLEMENTATIONS = YES;
				CLANG_WARN_DIRECT_OBJC_ISA_USAGE = YES_ERROR;
				CLANG_WARN_DOCUMENTATION_COMMENTS = YES;
				CLANG_WARN_EMPTY_BODY = YES;
				CLANG_WARN_ENUM_CONVERSION = YES;
				CLANG_WARN_INFINITE_RECURSION = YES;
				CLANG_WARN_INT_CONVERSION = YES;
				CLANG_WARN_NON_LITERAL_NULL_CONVERSION = YES;
				CLANG_WARN_OBJC_IMPLICIT_RETAIN_SELF = YES;
				CLANG_WARN_OBJC_LITERAL_CONVERSION = YES;
				CLANG_WARN_OBJC_ROOT_CLASS = YES_ERROR;
				CLANG_WARN_RANGE_LOOP_ANALYSIS = YES;
				CLANG_WARN_STRICT_PROTOTYPES = YES;
				CLANG_WARN_SUSPICIOUS_MOVE = YES;
				CLANG_WARN_UNGUARDED_AVAILABILITY = YES_AGGRESSIVE;
				CLANG_WARN_UNREACHABLE_CODE = YES;
				CLANG_WARN__DUPLICATE_METHOD_MATCH = YES;
				CODE_SIGN_IDENTITY = "iPhone Developer";
				COPY_PHASE_STRIP = NO;
				DEBUG_INFORMATION_FORMAT = "dwarf-with-dsym";
				ENABLE_NS_ASSERTIONS = NO;
				ENABLE_STRICT_OBJC_MSGSEND = YES;
				GCC_C_LANGUAGE_STANDARD = gnu11;
				GCC_NO_COMMON_BLOCKS = YES;
				GCC_WARN_64_TO_32_BIT_CONVERSION = YES;
				GCC_WARN_ABOUT_RETURN_TYPE = YES_ERROR;
				GCC_WARN_UNDECLARED_SELECTOR = YES;
				GCC_WARN_UNINITIALIZED_AUTOS = YES_AGGRESSIVE;
				GCC_WARN_UNUSED_FUNCTION = YES;
				GCC_WARN_UNUSED_VARIABLE = YES;
				IPHONEOS_DEPLOYMENT_TARGET = 11.3;
				MTL_ENABLE_DEBUG_INFO = NO;
				SDKROOT = iphoneos;
				SWIFT_COMPILATION_MODE = wholemodule;
				SWIFT_OPTIMIZATION_LEVEL = "-O";
				VALIDATE_PRODUCT = YES;
			};
			name = Release;
		};
		565C1BAA2159C78D00356718 /* Debug */ = {
			isa = XCBuildConfiguration;
			baseConfigurationReference = 11EC59204A74AE94687D1781 /* Pods-swiftProject.debug.xcconfig */;
			buildSettings = {
				ASSETCATALOG_COMPILER_APPICON_NAME = AppIcon;
				CLANG_ENABLE_MODULES = YES;
				CODE_SIGN_STYLE = Automatic;
				DEFINES_MODULE = YES;
				INFOPLIST_FILE = swiftProject/Info.plist;
				LD_RUNPATH_SEARCH_PATHS = (
					"$(inherited)",
					"@executable_path/Frameworks",
				);
				PRODUCT_BUNDLE_IDENTIFIER = pinpianyi.com.swiftProject;
				PRODUCT_NAME = "$(TARGET_NAME)";
				SWIFT_OBJC_BRIDGING_HEADER = "swiftProject/class/home/Model/swiftProject-Bridging-Header.h";
				SWIFT_OPTIMIZATION_LEVEL = "-Onone";
				SWIFT_VERSION = 4.0;
				TARGETED_DEVICE_FAMILY = 1;
			};
			name = Debug;
		};
		565C1BAB2159C78D00356718 /* Release */ = {
			isa = XCBuildConfiguration;
			baseConfigurationReference = 660794DA2660AC39D5C18F47 /* Pods-swiftProject.release.xcconfig */;
			buildSettings = {
				ASSETCATALOG_COMPILER_APPICON_NAME = AppIcon;
				CLANG_ENABLE_MODULES = YES;
				CODE_SIGN_STYLE = Automatic;
				DEFINES_MODULE = YES;
				INFOPLIST_FILE = swiftProject/Info.plist;
				LD_RUNPATH_SEARCH_PATHS = (
					"$(inherited)",
					"@executable_path/Frameworks",
				);
				PRODUCT_BUNDLE_IDENTIFIER = pinpianyi.com.swiftProject;
				PRODUCT_NAME = "$(TARGET_NAME)";
				SWIFT_OBJC_BRIDGING_HEADER = "swiftProject/class/home/Model/swiftProject-Bridging-Header.h";
				SWIFT_VERSION = 4.0;
				TARGETED_DEVICE_FAMILY = 1;
			};
			name = Release;
		};
		565C1BAD2159C78D00356718 /* Debug */ = {
			isa = XCBuildConfiguration;
			buildSettings = {
				ALWAYS_EMBED_SWIFT_STANDARD_LIBRARIES = YES;
				BUNDLE_LOADER = "$(TEST_HOST)";
				CODE_SIGN_STYLE = Automatic;
				INFOPLIST_FILE = swiftProjectTests/Info.plist;
				LD_RUNPATH_SEARCH_PATHS = (
					"$(inherited)",
					"@executable_path/Frameworks",
					"@loader_path/Frameworks",
				);
				PRODUCT_BUNDLE_IDENTIFIER = pinpianyi.com.swiftProjectTests;
				PRODUCT_NAME = "$(TARGET_NAME)";
				SWIFT_VERSION = 4.0;
				TARGETED_DEVICE_FAMILY = "1,2";
				TEST_HOST = "$(BUILT_PRODUCTS_DIR)/swiftProject.app/swiftProject";
			};
			name = Debug;
		};
		565C1BAE2159C78D00356718 /* Release */ = {
			isa = XCBuildConfiguration;
			buildSettings = {
				ALWAYS_EMBED_SWIFT_STANDARD_LIBRARIES = YES;
				BUNDLE_LOADER = "$(TEST_HOST)";
				CODE_SIGN_STYLE = Automatic;
				INFOPLIST_FILE = swiftProjectTests/Info.plist;
				LD_RUNPATH_SEARCH_PATHS = (
					"$(inherited)",
					"@executable_path/Frameworks",
					"@loader_path/Frameworks",
				);
				PRODUCT_BUNDLE_IDENTIFIER = pinpianyi.com.swiftProjectTests;
				PRODUCT_NAME = "$(TARGET_NAME)";
				SWIFT_VERSION = 4.0;
				TARGETED_DEVICE_FAMILY = "1,2";
				TEST_HOST = "$(BUILT_PRODUCTS_DIR)/swiftProject.app/swiftProject";
			};
			name = Release;
		};
		565C1BB02159C78D00356718 /* Debug */ = {
			isa = XCBuildConfiguration;
			buildSettings = {
				ALWAYS_EMBED_SWIFT_STANDARD_LIBRARIES = YES;
				CODE_SIGN_STYLE = Automatic;
				INFOPLIST_FILE = swiftProjectUITests/Info.plist;
				LD_RUNPATH_SEARCH_PATHS = (
					"$(inherited)",
					"@executable_path/Frameworks",
					"@loader_path/Frameworks",
				);
				PRODUCT_BUNDLE_IDENTIFIER = pinpianyi.com.swiftProjectUITests;
				PRODUCT_NAME = "$(TARGET_NAME)";
				SWIFT_VERSION = 4.0;
				TARGETED_DEVICE_FAMILY = "1,2";
				TEST_TARGET_NAME = swiftProject;
			};
			name = Debug;
		};
		565C1BB12159C78D00356718 /* Release */ = {
			isa = XCBuildConfiguration;
			buildSettings = {
				ALWAYS_EMBED_SWIFT_STANDARD_LIBRARIES = YES;
				CODE_SIGN_STYLE = Automatic;
				INFOPLIST_FILE = swiftProjectUITests/Info.plist;
				LD_RUNPATH_SEARCH_PATHS = (
					"$(inherited)",
					"@executable_path/Frameworks",
					"@loader_path/Frameworks",
				);
				PRODUCT_BUNDLE_IDENTIFIER = pinpianyi.com.swiftProjectUITests;
				PRODUCT_NAME = "$(TARGET_NAME)";
				SWIFT_VERSION = 4.0;
				TARGETED_DEVICE_FAMILY = "1,2";
				TEST_TARGET_NAME = swiftProject;
			};
			name = Release;
		};
/* End XCBuildConfiguration section */

/* Begin XCConfigurationList section */
		565C1B7C2159C78A00356718 /* Build configuration list for PBXProject "swiftProject" */ = {
			isa = XCConfigurationList;
			buildConfigurations = (
				565C1BA72159C78D00356718 /* Debug */,
				565C1BA82159C78D00356718 /* Release */,
			);
			defaultConfigurationIsVisible = 0;
			defaultConfigurationName = Release;
		};
		565C1BA92159C78D00356718 /* Build configuration list for PBXNativeTarget "swiftProject" */ = {
			isa = XCConfigurationList;
			buildConfigurations = (
				565C1BAA2159C78D00356718 /* Debug */,
				565C1BAB2159C78D00356718 /* Release */,
			);
			defaultConfigurationIsVisible = 0;
			defaultConfigurationName = Release;
		};
		565C1BAC2159C78D00356718 /* Build configuration list for PBXNativeTarget "swiftProjectTests" */ = {
			isa = XCConfigurationList;
			buildConfigurations = (
				565C1BAD2159C78D00356718 /* Debug */,
				565C1BAE2159C78D00356718 /* Release */,
			);
			defaultConfigurationIsVisible = 0;
			defaultConfigurationName = Release;
		};
		565C1BAF2159C78D00356718 /* Build configuration list for PBXNativeTarget "swiftProjectUITests" */ = {
			isa = XCConfigurationList;
			buildConfigurations = (
				565C1BB02159C78D00356718 /* Debug */,
				565C1BB12159C78D00356718 /* Release */,
			);
			defaultConfigurationIsVisible = 0;
			defaultConfigurationName = Release;
		};
/* End XCConfigurationList section */
	};
	rootObject = 565C1B792159C78A00356718 /* Project object */;
}
